
Microsoft Visual Studio Solution File, Format Version 11.00
# Visual Studio 2010
Project("{F184B08F-C81C-45F6-A57F-5ABD9991F28F}") = "tsma-beta", "tsma-beta.vbproj", "{237E6D92-94F0-42CA-8AC4-79E06326CF6D}"
EndProject
Project("{F184B08F-C81C-45F6-A57F-5ABD9991F28F}") = "BusinessAccessLayer", "..\BusinessAccessLayer\BusinessAccessLayer.vbproj", "{CC0949BA-0EAA-4D11-93F4-4158E7DA0C00}"
EndProject
Project("{F184B08F-C81C-45F6-A57F-5ABD9991F28F}") = "DataAccessLayer", "..\DataAccessLayer\DataAccessLayer.vbproj", "{09EDE243-F358-4BFE-90C2-807F5C0A8185}"
EndProject
Global
	GlobalSection(SolutionConfigurationPlatforms) = preSolution
		Debug|Any CPU = Debug|Any CPU
		Debug|Mixed Platforms = Debug|Mixed Platforms
		Debug|x86 = Debug|x86
		Release|Any CPU = Release|Any CPU
		Release|Mixed Platforms = Release|Mixed Platforms
		Release|x86 = Release|x86
	EndGlobalSection
	GlobalSection(ProjectConfigurationPlatforms) = postSolution
		{237E6D92-94F0-42CA-8AC4-79E06326CF6D}.Debug|Any CPU.ActiveCfg = Debug|Any CPU
		{237E6D92-94F0-42CA-8AC4-79E06326CF6D}.Debug|Any CPU.Build.0 = Debug|Any CPU
		{237E6D92-94F0-42CA-8AC4-79E06326CF6D}.Debug|Mixed Platforms.ActiveCfg = Debug|Any CPU
		{237E6D92-94F0-42CA-8AC4-79E06326CF6D}.Debug|Mixed Platforms.Build.0 = Debug|Any CPU
		{237E6D92-94F0-42CA-8AC4-79E06326CF6D}.Debug|x86.ActiveCfg = Debug|Any CPU
		{237E6D92-94F0-42CA-8AC4-79E06326CF6D}.Release|Any CPU.ActiveCfg = Release|Any CPU
		{237E6D92-94F0-42CA-8AC4-79E06326CF6D}.Release|Any CPU.Build.0 = Release|Any CPU
		{237E6D92-94F0-42CA-8AC4-79E06326CF6D}.Release|Mixed Platforms.ActiveCfg = Release|Any CPU
		{237E6D92-94F0-42CA-8AC4-79E06326CF6D}.Release|Mixed Platforms.Build.0 = Release|Any CPU
		{237E6D92-94F0-42CA-8AC4-79E06326CF6D}.Release|x86.ActiveCfg = Release|Any CPU
		{CC0949BA-0EAA-4D11-93F4-4158E7DA0C00}.Debug|Any CPU.ActiveCfg = Debug|Any CPU
		{CC0949BA-0EAA-4D11-93F4-4158E7DA0C00}.Debug|Any CPU.Build.0 = Debug|Any CPU
		{CC0949BA-0EAA-4D11-93F4-4158E7DA0C00}.Debug|Mixed Platforms.ActiveCfg = Debug|Any CPU
		{CC0949BA-0EAA-4D11-93F4-4158E7DA0C00}.Debug|Mixed Platforms.Build.0 = Debug|Any CPU
		{CC0949BA-0EAA-4D11-93F4-4158E7DA0C00}.Debug|x86.ActiveCfg = Debug|Any CPU
		{CC0949BA-0EAA-4D11-93F4-4158E7DA0C00}.Release|Any CPU.ActiveCfg = Release|Any CPU
		{CC0949BA-0EAA-4D11-93F4-4158E7DA0C00}.Release|Any CPU.Build.0 = Release|Any CPU
		{CC0949BA-0EAA-4D11-93F4-4158E7DA0C00}.Release|Mixed Platforms.ActiveCfg = Release|Any CPU
		{CC0949BA-0EAA-4D11-93F4-4158E7DA0C00}.Release|Mixed Platforms.Build.0 = Release|Any CPU
		{CC0949BA-0EAA-4D11-93F4-4158E7DA0C00}.Release|x86.ActiveCfg = Release|Any CPU
		{09EDE243-F358-4BFE-90C2-807F5C0A8185}.Debug|Any CPU.ActiveCfg = Debug|Any CPU
		{09EDE243-F358-4BFE-90C2-807F5C0A8185}.Debug|Any CPU.Build.0 = Debug|Any CPU
		{09EDE243-F358-4BFE-90C2-807F5C0A8185}.Debug|Mixed Platforms.ActiveCfg = Debug|Any CPU
		{09EDE243-F358-4BFE-90C2-807F5C0A8185}.Debug|Mixed Platforms.Build.0 = Debug|Any CPU
		{09EDE243-F358-4BFE-90C2-807F5C0A8185}.Debug|x86.ActiveCfg = Debug|Any CPU
		{09EDE243-F358-4BFE-90C2-807F5C0A8185}.Release|Any CPU.ActiveCfg = Release|Any CPU
		{09EDE243-F358-4BFE-90C2-807F5C0A8185}.Release|Any CPU.Build.0 = Release|Any CPU
		{09EDE243-F358-4BFE-90C2-807F5C0A8185}.Release|Mixed Platforms.ActiveCfg = Release|Any CPU
		{09EDE243-F358-4BFE-90C2-807F5C0A8185}.Release|Mixed Platforms.Build.0 = Release|Any CPU
		{09EDE243-F358-4BFE-90C2-807F5C0A8185}.Release|x86.ActiveCfg = Release|Any CPU
	EndGlobalSection
	GlobalSection(SolutionProperties) = preSolution
		HideSolutionNode = FALSE
	EndGlobalSection
EndGlobal
